
Microsoft Visual Studio Solution File, Format Version 12.00
# Visual Studio Version 17
VisualStudioVersion = 17.2.32616.157
MinimumVisualStudioVersion = 10.0.40219.1
Project("{FAE04EC0-301F-11D3-BF4B-00C04F79EFBC}") = "WebAPICore-Template", "WebAPICore-Template\WebAPICore-Template.csproj", "{9866869F-EDBB-480D-9607-67717E19935C}"
EndProject
Global
	GlobalSection(SolutionConfigurationPlatforms) = preSolution
		Debug|Any CPU = Debug|Any CPU
		Release|Any CPU = Release|Any CPU
	EndGlobalSection
	GlobalSection(ProjectConfigurationPlatforms) = postSolution
		{9866869F-EDBB-480D-9607-67717E19935C}.Debug|Any CPU.ActiveCfg = Debug|Any CPU
		{9866869F-EDBB-480D-9607-67717E19935C}.Debug|Any CPU.Build.0 = Debug|Any CPU
		{9866869F-EDBB-480D-9607-67717E19935C}.Release|Any CPU.ActiveCfg = Release|Any CPU
		{9866869F-EDBB-480D-9607-67717E19935C}.Release|Any CPU.Build.0 = Release|Any CPU
	EndGlobalSection
	GlobalSection(SolutionProperties) = preSolution
		HideSolutionNode = FALSE
	EndGlobalSection
	GlobalSection(ExtensibilityGlobals) = postSolution
		SolutionGuid = {FB5ADEB8-8FCB-45E3-9B82-ED3DBE2FF6B3}
	EndGlobalSection
EndGlobal
